
Microsoft Visual Studio Solution File, Format Version 12.00
# Visual Studio Version 17
VisualStudioVersion = 17.0.32112.339
MinimumVisualStudioVersion = 10.0.40219.1
Project("{9A19103F-16F7-4668-BE54-9A1E7A4F7556}") = "CleanArchitecture.Infrastructure", "CleanArchitecture.Data\CleanArchitecture.Infrastructure.csproj", "{51A245B9-752D-4BC7-A553-E4AED726AEE2}"
EndProject
Project("{9A19103F-16F7-4668-BE54-9A1E7A4F7556}") = "CleanArchitecture.Domain", "CleanArchitecture.Domain\CleanArchitecture.Domain.csproj", "{A905F5ED-69AE-42DC-B628-42793FE95E45}"
EndProject
Project("{2150E333-8FDC-42A3-9474-1A3956D46DE8}") = "src", "src", "{A41EE3AF-9DBE-4E2D-8EA0-307DF64E8A1D}"
EndProject
Project("{2150E333-8FDC-42A3-9474-1A3956D46DE8}") = "doc", "doc", "{6B457FA6-F6BD-47F5-A24B-73178165BC68}"
EndProject
Project("{2150E333-8FDC-42A3-9474-1A3956D46DE8}") = "test", "test", "{3AA62063-97E9-4471-AFB7-80515C281E84}"
EndProject
Project("{2150E333-8FDC-42A3-9474-1A3956D46DE8}") = "api", "api", "{02494E57-BD1E-4B1A-ADA2-47E0DED85E41}"
EndProject
Project("{2150E333-8FDC-42A3-9474-1A3956D46DE8}") = "core", "core", "{822E639E-7AC9-48D6-857E-D441AE98050B}"
EndProject
Project("{2150E333-8FDC-42A3-9474-1A3956D46DE8}") = "infrastructure", "infrastructure", "{63809F43-EEF2-4E87-90B3-8B5B1273B8DF}"
EndProject
Project("{9A19103F-16F7-4668-BE54-9A1E7A4F7556}") = "CleanArchitecture.API", "CleanArchitecture.API\CleanArchitecture.API.csproj", "{E9DA8C9A-3179-40B5-8265-FDEEC9ED6D85}"
EndProject
Project("{9A19103F-16F7-4668-BE54-9A1E7A4F7556}") = "CleanArchitecture.Application", "CleanArchitecture.Application\CleanArchitecture.Application.csproj", "{15B19E6A-E4F9-4734-9556-230EE94D0C4B}"
EndProject
Global
	GlobalSection(SolutionConfigurationPlatforms) = preSolution
		Debug|Any CPU = Debug|Any CPU
		Release|Any CPU = Release|Any CPU
	EndGlobalSection
	GlobalSection(ProjectConfigurationPlatforms) = postSolution
		{51A245B9-752D-4BC7-A553-E4AED726AEE2}.Debug|Any CPU.ActiveCfg = Debug|Any CPU
		{51A245B9-752D-4BC7-A553-E4AED726AEE2}.Debug|Any CPU.Build.0 = Debug|Any CPU
		{51A245B9-752D-4BC7-A553-E4AED726AEE2}.Release|Any CPU.ActiveCfg = Release|Any CPU
		{51A245B9-752D-4BC7-A553-E4AED726AEE2}.Release|Any CPU.Build.0 = Release|Any CPU
		{A905F5ED-69AE-42DC-B628-42793FE95E45}.Debug|Any CPU.ActiveCfg = Debug|Any CPU
		{A905F5ED-69AE-42DC-B628-42793FE95E45}.Debug|Any CPU.Build.0 = Debug|Any CPU
		{A905F5ED-69AE-42DC-B628-42793FE95E45}.Release|Any CPU.ActiveCfg = Release|Any CPU
		{A905F5ED-69AE-42DC-B628-42793FE95E45}.Release|Any CPU.Build.0 = Release|Any CPU
		{E9DA8C9A-3179-40B5-8265-FDEEC9ED6D85}.Debug|Any CPU.ActiveCfg = Debug|Any CPU
		{E9DA8C9A-3179-40B5-8265-FDEEC9ED6D85}.Debug|Any CPU.Build.0 = Debug|Any CPU
		{E9DA8C9A-3179-40B5-8265-FDEEC9ED6D85}.Release|Any CPU.ActiveCfg = Release|Any CPU
		{E9DA8C9A-3179-40B5-8265-FDEEC9ED6D85}.Release|Any CPU.Build.0 = Release|Any CPU
		{15B19E6A-E4F9-4734-9556-230EE94D0C4B}.Debug|Any CPU.ActiveCfg = Debug|Any CPU
		{15B19E6A-E4F9-4734-9556-230EE94D0C4B}.Debug|Any CPU.Build.0 = Debug|Any CPU
		{15B19E6A-E4F9-4734-9556-230EE94D0C4B}.Release|Any CPU.ActiveCfg = Release|Any CPU
		{15B19E6A-E4F9-4734-9556-230EE94D0C4B}.Release|Any CPU.Build.0 = Release|Any CPU
	EndGlobalSection
	GlobalSection(SolutionProperties) = preSolution
		HideSolutionNode = FALSE
	EndGlobalSection
	GlobalSection(NestedProjects) = preSolution
		{51A245B9-752D-4BC7-A553-E4AED726AEE2} = {63809F43-EEF2-4E87-90B3-8B5B1273B8DF}
		{A905F5ED-69AE-42DC-B628-42793FE95E45} = {822E639E-7AC9-48D6-857E-D441AE98050B}
		{02494E57-BD1E-4B1A-ADA2-47E0DED85E41} = {A41EE3AF-9DBE-4E2D-8EA0-307DF64E8A1D}
		{822E639E-7AC9-48D6-857E-D441AE98050B} = {A41EE3AF-9DBE-4E2D-8EA0-307DF64E8A1D}
		{63809F43-EEF2-4E87-90B3-8B5B1273B8DF} = {A41EE3AF-9DBE-4E2D-8EA0-307DF64E8A1D}
		{E9DA8C9A-3179-40B5-8265-FDEEC9ED6D85} = {02494E57-BD1E-4B1A-ADA2-47E0DED85E41}
		{15B19E6A-E4F9-4734-9556-230EE94D0C4B} = {822E639E-7AC9-48D6-857E-D441AE98050B}
	EndGlobalSection
	GlobalSection(ExtensibilityGlobals) = postSolution
		SolutionGuid = {98C693A4-8692-40DF-AAFA-A3332D16B396}
	EndGlobalSection
EndGlobal
